PODS:
  - Flutter (1.0.0)
  - flutter_keychain (0.0.1):
    - Flutter
  - package_info_plus (0.4.5):
    - Flutter
  - passkeys_ios (0.0.1):
    - Flutter
  - shared_preferences_foundation (0.0.1):
    - Flutter
    - FlutterMacOS
  - ua_client_hints (1.1.3):
    - Flutter
  - url_launcher_ios (0.0.1):
    - Flutter

DEPENDENCIES:
  - Flutter (from `Flutter`)
  - flutter_keychain (from `.symlinks/plugins/flutter_keychain/ios`)
  - package_info_plus (from `.symlinks/plugins/package_info_plus/ios`)
  - passkeys_ios (from `.symlinks/plugins/passkeys_ios/ios`)
  - shared_preferences_foundation (from `.symlinks/plugins/shared_preferences_foundation/darwin`)
  - ua_client_hints (from `.symlinks/plugins/ua_client_hints/ios`)
  - url_launcher_ios (from `.symlinks/plugins/url_launcher_ios/ios`)

EXTERNAL SOURCES:
  Flutter:
    :path: Flutter
  flutter_keychain:
    :path: ".symlinks/plugins/flutter_keychain/ios"
  package_info_plus:
    :path: ".symlinks/plugins/package_info_plus/ios"
  passkeys_ios:
    :path: ".symlinks/plugins/passkeys_ios/ios"
  shared_preferences_foundation:
    :path: ".symlinks/plugins/shared_preferences_foundation/darwin"
  ua_client_hints:
    :path: ".symlinks/plugins/ua_client_hints/ios"
  url_launcher_ios:
    :path: ".symlinks/plugins/url_launcher_ios/ios"

SPEC CHECKSUMS:
  Flutter: f04841e97a9d0b0a8025694d0796dd46242b2854
  flutter_keychain: 01aabf894ffe8b01adfda1d9df21c210c1b4b452
  package_info_plus: 115f4ad11e0698c8c1c5d8a689390df880f47e85
  passkeys_ios: fdae8c06e2178a9fcb9261a6cb21fb9a06a81d53
  shared_preferences_foundation: 5b919d13b803cadd15ed2dc053125c68730e5126
  ua_client_hints: d8d0ce034e13b28242fa75c7c339f2e3b1942d6b
  url_launcher_ios: bf5ce03e0e2088bad9cc378ea97fa0ed5b49673b

PODFILE CHECKSUM: 70d9d25280d0dd177a5f637cdb0f0b0b12c6a189

COCOAPODS: 1.12.1
